
Microsoft Visual Studio Solution File, Format Version 12.00
# Visual Studio 15
VisualStudioVersion = 15.0.28307.645
MinimumVisualStudioVersion = 10.0.40219.1
Project("{FAE04EC0-301F-11D3-BF4B-00C04F79EFBC}") = "GIS", "WindowsFormsApp1\GIS.csproj", "{F61CED86-AEE3-4327-8754-EFC5E7177892}"
EndProject
Global
	GlobalSection(SolutionConfigurationPlatforms) = preSolution
		Debug|Any CPU = Debug|Any CPU
		Release|Any CPU = Release|Any CPU
	EndGlobalSection
	GlobalSection(ProjectConfigurationPlatforms) = postSolution
		{F61CED86-AEE3-4327-8754-EFC5E7177892}.Debug|Any CPU.ActiveCfg = Debug|Any CPU
		{F61CED86-AEE3-4327-8754-EFC5E7177892}.Debug|Any CPU.Build.0 = Debug|Any CPU
		{F61CED86-AEE3-4327-8754-EFC5E7177892}.Release|Any CPU.ActiveCfg = Release|Any CPU
		{F61CED86-AEE3-4327-8754-EFC5E7177892}.Release|Any CPU.Build.0 = Release|Any CPU
	EndGlobalSection
	GlobalSection(SolutionProperties) = preSolution
		HideSolutionNode = FALSE
	EndGlobalSection
	GlobalSection(ExtensibilityGlobals) = postSolution
		SolutionGuid = {0B76A0F7-CFFA-472D-A9E4-80E108ABCC9D}
	EndGlobalSection
EndGlobal
